// !$*UTF8*$!
{
	archiveVersion = 1;
	classes = {
	};
	objectVersion = 46;
	objects = {

/* Begin PBXBuildFile section */
		3F6A18311D5347E400E6F50B /* GCD.storyboard in Resources */ = {isa = PBXBuildFile; fileRef = 3F6A18291D5347E400E6F50B /* GCD.storyboard */; };
		3F6A18321D5347E400E6F50B /* GCDVC.swift in Sources */ = {isa = PBXBuildFile; fileRef = 3F6A182A1D5347E400E6F50B /* GCDVC.swift */; };
		3F6A18331D5347E400E6F50B /* NSOperation.storyboard in Resources */ = {isa = PBXBuildFile; fileRef = 3F6A182C1D5347E400E6F50B /* NSOperation.storyboard */; };
		3F6A18341D5347E400E6F50B /* NSOperationVC.swift in Sources */ = {isa = PBXBuildFile; fileRef = 3F6A182D1D5347E400E6F50B /* NSOperationVC.swift */; };
		3F6A18351D5347E400E6F50B /* NSThread.storyboard in Resources */ = {isa = PBXBuildFile; fileRef = 3F6A182F1D5347E400E6F50B /* NSThread.storyboard */; };
		3F6A18361D5347E400E6F50B /* NSThreadVC.swift in Sources */ = {isa = PBXBuildFile; fileRef = 3F6A18301D5347E400E6F50B /* NSThreadVC.swift */; };
		3F6A18391D53480200E6F50B /* ThreadListVC.swift in Sources */ = {isa = PBXBuildFile; fileRef = 3F6A18381D53480200E6F50B /* ThreadListVC.swift */; };
		3F6ED7C51D53782200AE78C2 /* CustomOperation.swift in Sources */ = {isa = PBXBuildFile; fileRef = 3F6ED7C41D53782200AE78C2 /* CustomOperation.swift */; };
		3F7340041D58676C00578AEB /* DownloadImg2VC.swift in Sources */ = {isa = PBXBuildFile; fileRef = 3F7340031D58676C00578AEB /* DownloadImg2VC.swift */; };
		3F7340061D586C2B00578AEB /* DownloadImg3VC.swift in Sources */ = {isa = PBXBuildFile; fileRef = 3F7340051D586C2B00578AEB /* DownloadImg3VC.swift */; };
		3F7340081D587B8D00578AEB /* DownloadImg4VC.swift in Sources */ = {isa = PBXBuildFile; fileRef = 3F7340071D587B8D00578AEB /* DownloadImg4VC.swift */; };
		3F7C0B101D59B78E00187586 /* RunLoop.storyboard in Resources */ = {isa = PBXBuildFile; fileRef = 3F7C0B0F1D59B78E00187586 /* RunLoop.storyboard */; };
		3F7C0B121D59B7B800187586 /* RunLoopVC.swift in Sources */ = {isa = PBXBuildFile; fileRef = 3F7C0B111D59B7B800187586 /* RunLoopVC.swift */; };
		3F7C0B141D59B9ED00187586 /* RunLoopVC1.swift in Sources */ = {isa = PBXBuildFile; fileRef = 3F7C0B131D59B9ED00187586 /* RunLoopVC1.swift */; };
		3F9748EE1D50388A006EB461 /* AppDelegate.swift in Sources */ = {isa = PBXBuildFile; fileRef = 3F9748ED1D50388A006EB461 /* AppDelegate.swift */; };
		3F9748F51D50388A006EB461 /* Assets.xcassets in Resources */ = {isa = PBXBuildFile; fileRef = 3F9748F41D50388A006EB461 /* Assets.xcassets */; };
		3F9748F81D50388A006EB461 /* LaunchScreen.storyboard in Resources */ = {isa = PBXBuildFile; fileRef = 3F9748F61D50388A006EB461 /* LaunchScreen.storyboard */; };
		3FACCA331D576B06007B7F4B /* MoreImagesDownload.swift in Sources */ = {isa = PBXBuildFile; fileRef = 3FACCA321D576B06007B7F4B /* MoreImagesDownload.swift */; };
		3FACCA351D576B3F007B7F4B /* MoreImagesDownload.storyboard in Resources */ = {isa = PBXBuildFile; fileRef = 3FACCA341D576B3F007B7F4B /* MoreImagesDownload.storyboard */; };
		3FACCA371D576D81007B7F4B /* apps.plist in Resources */ = {isa = PBXBuildFile; fileRef = 3FACCA361D576D81007B7F4B /* apps.plist */; };
		3FACCA391D576E9A007B7F4B /* DownloadImg1.storyboard in Resources */ = {isa = PBXBuildFile; fileRef = 3FACCA381D576E9A007B7F4B /* DownloadImg1.storyboard */; };
		3FACCA3B1D576F45007B7F4B /* DownloadImg1VC.swift in Sources */ = {isa = PBXBuildFile; fileRef = 3FACCA3A1D576F45007B7F4B /* DownloadImg1VC.swift */; };
/* End PBXBuildFile section */

/* Begin PBXFileReference section */
		3F6A18291D5347E400E6F50B /* GCD.storyboard */ = {isa = PBXFileReference; fileEncoding = 4; lastKnownFileType = file.storyboard; path = GCD.storyboard; sourceTree = "<group>"; };
		3F6A182A1D5347E400E6F50B /* GCDVC.swift */ = {isa = PBXFileReference; fileEncoding = 4; lastKnownFileType = sourcecode.swift; path = GCDVC.swift; sourceTree = "<group>"; };
		3F6A182C1D5347E400E6F50B /* NSOperation.storyboard */ = {isa = PBXFileReference; fileEncoding = 4; lastKnownFileType = file.storyboard; path = NSOperation.storyboard; sourceTree = "<group>"; };
		3F6A182D1D5347E400E6F50B /* NSOperationVC.swift */ = {isa = PBXFileReference; fileEncoding = 4; lastKnownFileType = sourcecode.swift; path = NSOperationVC.swift; sourceTree = "<group>"; };
		3F6A182F1D5347E400E6F50B /* NSThread.storyboard */ = {isa = PBXFileReference; fileEncoding = 4; lastKnownFileType = file.storyboard; path = NSThread.storyboard; sourceTree = "<group>"; };
		3F6A18301D5347E400E6F50B /* NSThreadVC.swift */ = {isa = PBXFileReference; fileEncoding = 4; lastKnownFileType = sourcecode.swift; path = NSThreadVC.swift; sourceTree = "<group>"; };
		3F6A18381D53480200E6F50B /* ThreadListVC.swift */ = {isa = PBXFileReference; fileEncoding = 4; lastKnownFileType = sourcecode.swift; path = ThreadListVC.swift; sourceTree = "<group>"; };
		3F6ED7C41D53782200AE78C2 /* CustomOperation.swift */ = {isa = PBXFileReference; fileEncoding = 4; lastKnownFileType = sourcecode.swift; path = CustomOperation.swift; sourceTree = "<group>"; };
		3F7340031D58676C00578AEB /* DownloadImg2VC.swift */ = {isa = PBXFileReference; fileEncoding = 4; lastKnownFileType = sourcecode.swift; path = DownloadImg2VC.swift; sourceTree = "<group>"; };
		3F7340051D586C2B00578AEB /* DownloadImg3VC.swift */ = {isa = PBXFileReference; fileEncoding = 4; lastKnownFileType = sourcecode.swift; path = DownloadImg3VC.swift; sourceTree = "<group>"; };
		3F7340071D587B8D00578AEB /* DownloadImg4VC.swift */ = {isa = PBXFileReference; fileEncoding = 4; lastKnownFileType = sourcecode.swift; path = DownloadImg4VC.swift; sourceTree = "<group>"; };
		3F7C0B0F1D59B78E00187586 /* RunLoop.storyboard */ = {isa = PBXFileReference; fileEncoding = 4; lastKnownFileType = file.storyboard; path = RunLoop.storyboard; sourceTree = "<group>"; };
		3F7C0B111D59B7B800187586 /* RunLoopVC.swift */ = {isa = PBXFileReference; fileEncoding = 4; lastKnownFileType = sourcecode.swift; path = RunLoopVC.swift; sourceTree = "<group>"; };
		3F7C0B131D59B9ED00187586 /* RunLoopVC1.swift */ = {isa = PBXFileReference; fileEncoding = 4; lastKnownFileType = sourcecode.swift; path = RunLoopVC1.swift; sourceTree = "<group>"; };
		3F9748EA1D50388A006EB461 /* ThreadDemo.app */ = {isa = PBXFileReference; explicitFileType = wrapper.application; includeInIndex = 0; path = ThreadDemo.app; sourceTree = BUILT_PRODUCTS_DIR; };
		3F9748ED1D50388A006EB461 /* AppDelegate.swift */ = {isa = PBXFileReference; lastKnownFileType = sourcecode.swift; path = AppDelegate.swift; sourceTree = "<group>"; };
		3F9748F41D50388A006EB461 /* Assets.xcassets */ = {isa = PBXFileReference; lastKnownFileType = folder.assetcatalog; path = Assets.xcassets; sourceTree = "<group>"; };
		3F9748F71D50388A006EB461 /* Base */ = {isa = PBXFileReference; lastKnownFileType = file.storyboard; name = Base; path = Base.lproj/LaunchScreen.storyboard; sourceTree = "<group>"; };
		3F9748F91D50388A006EB461 /* Info.plist */ = {isa = PBXFileReference; lastKnownFileType = text.plist.xml; path = Info.plist; sourceTree = "<group>"; };
		3FACCA321D576B06007B7F4B /* MoreImagesDownload.swift */ = {isa = PBXFileReference; fileEncoding = 4; lastKnownFileType = sourcecode.swift; path = MoreImagesDownload.swift; sourceTree = "<group>"; };
		3FACCA341D576B3F007B7F4B /* MoreImagesDownload.storyboard */ = {isa = PBXFileReference; fileEncoding = 4; lastKnownFileType = file.storyboard; path = MoreImagesDownload.storyboard; sourceTree = "<group>"; };
		3FACCA361D576D81007B7F4B /* apps.plist */ = {isa = PBXFileReference; fileEncoding = 4; lastKnownFileType = text.plist.xml; path = apps.plist; sourceTree = "<group>"; };
		3FACCA381D576E9A007B7F4B /* DownloadImg1.storyboard */ = {isa = PBXFileReference; fileEncoding = 4; lastKnownFileType = file.storyboard; path = DownloadImg1.storyboard; sourceTree = "<group>"; };
		3FACCA3A1D576F45007B7F4B /* DownloadImg1VC.swift */ = {isa = PBXFileReference; fileEncoding = 4; lastKnownFileType = sourcecode.swift; path = DownloadImg1VC.swift; sourceTree = "<group>"; };
/* End PBXFileReference section */

/* Begin PBXFrameworksBuildPhase section */
		3F9748E71D50388A006EB461 /* Frameworks */ = {
			isa = PBXFrameworksBuildPhase;
			buildActionMask = 2147483647;
			files = (
			);
			runOnlyForDeploymentPostprocessing = 0;
		};
/* End PBXFrameworksBuildPhase section */

/* Begin PBXGroup section */
		3F6A18281D5347E400E6F50B /* GCD */ = {
			isa = PBXGroup;
			children = (
				3F6A18291D5347E400E6F50B /* GCD.storyboard */,
				3F6A182A1D5347E400E6F50B /* GCDVC.swift */,
			);
			path = GCD;
			sourceTree = "<group>";
		};
		3F6A182B1D5347E400E6F50B /* NSOperation */ = {
			isa = PBXGroup;
			children = (
				3F6A182C1D5347E400E6F50B /* NSOperation.storyboard */,
				3F6A182D1D5347E400E6F50B /* NSOperationVC.swift */,
				3F6ED7C41D53782200AE78C2 /* CustomOperation.swift */,
			);
			path = NSOperation;
			sourceTree = "<group>";
		};
		3F6A182E1D5347E400E6F50B /* NSThread */ = {
			isa = PBXGroup;
			children = (
				3F6A182F1D5347E400E6F50B /* NSThread.storyboard */,
				3F6A18301D5347E400E6F50B /* NSThreadVC.swift */,
			);
			path = NSThread;
			sourceTree = "<group>";
		};
		3F6A18371D53480200E6F50B /* Main */ = {
			isa = PBXGroup;
			children = (
				3F6A18381D53480200E6F50B /* ThreadListVC.swift */,
			);
			path = Main;
			sourceTree = "<group>";
		};
		3F7C0B0E1D59B75900187586 /* RunLoop */ = {
			isa = PBXGroup;
			children = (
				3F7C0B0F1D59B78E00187586 /* RunLoop.storyboard */,
				3F7C0B111D59B7B800187586 /* RunLoopVC.swift */,
				3F7C0B131D59B9ED00187586 /* RunLoopVC1.swift */,
			);
			path = RunLoop;
			sourceTree = "<group>";
		};
		3F9748E11D50388A006EB461 = {
			isa = PBXGroup;
			children = (
				3F9748EC1D50388A006EB461 /* ThreadDemo */,
				3F9748EB1D50388A006EB461 /* Products */,
			);
			sourceTree = "<group>";
		};
		3F9748EB1D50388A006EB461 /* Products */ = {
			isa = PBXGroup;
			children = (
				3F9748EA1D50388A006EB461 /* ThreadDemo.app */,
			);
			name = Products;
			sourceTree = "<group>";
		};
		3F9748EC1D50388A006EB461 /* ThreadDemo */ = {
			isa = PBXGroup;
			children = (
				3F7C0B0E1D59B75900187586 /* RunLoop */,
				3FACCA311D576AF7007B7F4B /* 多图片下载调优 */,
				3F6A18371D53480200E6F50B /* Main */,
				3F6A18281D5347E400E6F50B /* GCD */,
				3F6A182B1D5347E400E6F50B /* NSOperation */,
				3F6A182E1D5347E400E6F50B /* NSThread */,
				3F9748ED1D50388A006EB461 /* AppDelegate.swift */,
				3F9748F41D50388A006EB461 /* Assets.xcassets */,
				3F9748F61D50388A006EB461 /* LaunchScreen.storyboard */,
				3F9748F91D50388A006EB461 /* Info.plist */,
				3FACCA361D576D81007B7F4B /* apps.plist */,
			);
			path = ThreadDemo;
			sourceTree = "<group>";
		};
		3FACCA311D576AF7007B7F4B /* 多图片下载调优 */ = {
			isa = PBXGroup;
			children = (
				3FACCA321D576B06007B7F4B /* MoreImagesDownload.swift */,
				3FACCA341D576B3F007B7F4B /* MoreImagesDownload.storyboard */,
				3FACCA381D576E9A007B7F4B /* DownloadImg1.storyboard */,
				3FACCA3A1D576F45007B7F4B /* DownloadImg1VC.swift */,
				3F7340031D58676C00578AEB /* DownloadImg2VC.swift */,
				3F7340051D586C2B00578AEB /* DownloadImg3VC.swift */,
				3F7340071D587B8D00578AEB /* DownloadImg4VC.swift */,
			);
			path = "多图片下载调优";
			sourceTree = "<group>";
		};
/* End PBXGroup section */

/* Begin PBXNativeTarget section */
		3F9748E91D50388A006EB461 /* ThreadDemo */ = {
			isa = PBXNativeTarget;
			buildConfigurationList = 3F9748FC1D50388A006EB461 /* Build configuration list for PBXNativeTarget "ThreadDemo" */;
			buildPhases = (
				3F9748E61D50388A006EB461 /* Sources */,
				3F9748E71D50388A006EB461 /* Frameworks */,
				3F9748E81D50388A006EB461 /* Resources */,
			);
			buildRules = (
			);
			dependencies = (
			);
			name = ThreadDemo;
			productName = ThreadDemo;
			productReference = 3F9748EA1D50388A006EB461 /* ThreadDemo.app */;
			productType = "com.apple.product-type.application";
		};
/* End PBXNativeTarget section */

/* Begin PBXProject section */
		3F9748E21D50388A006EB461 /* Project object */ = {
			isa = PBXProject;
			attributes = {
				LastSwiftUpdateCheck = 0730;
				LastUpgradeCheck = 0730;
				ORGANIZATIONNAME = K;
				TargetAttributes = {
					3F9748E91D50388A006EB461 = {
						CreatedOnToolsVersion = 7.3;
					};
				};
			};
			buildConfigurationList = 3F9748E51D50388A006EB461 /* Build configuration list for PBXProject "ThreadDemo" */;
			compatibilityVersion = "Xcode 3.2";
			developmentRegion = English;
			hasScannedForEncodings = 0;
			knownRegions = (
				en,
				Base,
			);
			mainGroup = 3F9748E11D50388A006EB461;
			productRefGroup = 3F9748EB1D50388A006EB461 /* Products */;
			projectDirPath = "";
			projectRoot = "";
			targets = (
				3F9748E91D50388A006EB461 /* ThreadDemo */,
			);
		};
/* End PBXProject section */

/* Begin PBXResourcesBuildPhase section */
		3F9748E81D50388A006EB461 /* Resources */ = {
			isa = PBXResourcesBuildPhase;
			buildActionMask = 2147483647;
			files = (
				3F9748F81D50388A006EB461 /* LaunchScreen.storyboard in Resources */,
				3F9748F51D50388A006EB461 /* Assets.xcassets in Resources */,
				3F7C0B101D59B78E00187586 /* RunLoop.storyboard in Resources */,
				3F6A18311D5347E400E6F50B /* GCD.storyboard in Resources */,
				3F6A18351D5347E400E6F50B /* NSThread.storyboard in Resources */,
				3FACCA391D576E9A007B7F4B /* DownloadImg1.storyboard in Resources */,
				3F6A18331D5347E400E6F50B /* NSOperation.storyboard in Resources */,
				3FACCA351D576B3F007B7F4B /* MoreImagesDownload.storyboard in Resources */,
				3FACCA371D576D81007B7F4B /* apps.plist in Resources */,
			);
			runOnlyForDeploymentPostprocessing = 0;
		};
/* End PBXResourcesBuildPhase section */

/* Begin PBXSourcesBuildPhase section */
		3F9748E61D50388A006EB461 /* Sources */ = {
			isa = PBXSourcesBuildPhase;
			buildActionMask = 2147483647;
			files = (
				3FACCA331D576B06007B7F4B /* MoreImagesDownload.swift in Sources */,
				3F6ED7C51D53782200AE78C2 /* CustomOperation.swift in Sources */,
				3F7340081D587B8D00578AEB /* DownloadImg4VC.swift in Sources */,
				3F7340061D586C2B00578AEB /* DownloadImg3VC.swift in Sources */,
				3F6A18391D53480200E6F50B /* ThreadListVC.swift in Sources */,
				3F9748EE1D50388A006EB461 /* AppDelegate.swift in Sources */,
				3F7C0B121D59B7B800187586 /* RunLoopVC.swift in Sources */,
				3F6A18341D5347E400E6F50B /* NSOperationVC.swift in Sources */,
				3F6A18321D5347E400E6F50B /* GCDVC.swift in Sources */,
				3F7340041D58676C00578AEB /* DownloadImg2VC.swift in Sources */,
				3FACCA3B1D576F45007B7F4B /* DownloadImg1VC.swift in Sources */,
				3F7C0B141D59B9ED00187586 /* RunLoopVC1.swift in Sources */,
				3F6A18361D5347E400E6F50B /* NSThreadVC.swift in Sources */,
			);
			runOnlyForDeploymentPostprocessing = 0;
		};
/* End PBXSourcesBuildPhase section */

/* Begin PBXVariantGroup section */
		3F9748F61D50388A006EB461 /* LaunchScreen.storyboard */ = {
			isa = PBXVariantGroup;
			children = (
				3F9748F71D50388A006EB461 /* Base */,
			);
			name = LaunchScreen.storyboard;
			sourceTree = "<group>";
		};
/* End PBXVariantGroup section */

/* Begin XCBuildConfiguration section */
		3F9748FA1D50388A006EB461 /* Debug */ = {
			isa = XCBuildConfiguration;
			buildSettings = {
				ALWAYS_SEARCH_USER_PATHS = NO;
				CLANG_ANALYZER_NONNULL = YES;
				CLANG_CXX_LANGUAGE_STANDARD = "gnu++0x";
				CLANG_CXX_LIBRARY = "libc++";
				CLANG_ENABLE_MODULES = YES;
				CLANG_ENABLE_OBJC_ARC = YES;
				CLANG_WARN_BOOL_CONVERSION = YES;
				CLANG_WARN_CONSTANT_CONVERSION = YES;
				CLANG_WARN_DIRECT_OBJC_ISA_USAGE = YES_ERROR;
				CLANG_WARN_EMPTY_BODY = YES;
				CLANG_WARN_ENUM_CONVERSION = YES;
				CLANG_WARN_INT_CONVERSION = YES;
				CLANG_WARN_OBJC_ROOT_CLASS = YES_ERROR;
				CLANG_WARN_UNREACHABLE_CODE = YES;
				CLANG_WARN__DUPLICATE_METHOD_MATCH = YES;
				"CODE_SIGN_IDENTITY[sdk=iphoneos*]" = "iPhone Developer";
				COPY_PHASE_STRIP = NO;
				DEBUG_INFORMATION_FORMAT = dwarf;
				ENABLE_STRICT_OBJC_MSGSEND = YES;
				ENABLE_TESTABILITY = YES;
				GCC_C_LANGUAGE_STANDARD = gnu99;
				GCC_DYNAMIC_NO_PIC = NO;
				GCC_NO_COMMON_BLOCKS = YES;
				GCC_OPTIMIZATION_LEVEL = 0;
				GCC_PREPROCESSOR_DEFINITIONS = (
					"DEBUG=1",
					"$(inherited)",
				);
				GCC_WARN_64_TO_32_BIT_CONVERSION = YES;
				GCC_WARN_ABOUT_RETURN_TYPE = YES_ERROR;
				GCC_WARN_UNDECLARED_SELECTOR = YES;
				GCC_WARN_UNINITIALIZED_AUTOS = YES_AGGRESSIVE;
				GCC_WARN_UNUSED_FUNCTION = YES;
				GCC_WARN_UNUSED_VARIABLE = YES;
				IPHONEOS_DEPLOYMENT_TARGET = 9.3;
				MTL_ENABLE_DEBUG_INFO = YES;
				ONLY_ACTIVE_ARCH = YES;
				SDKROOT = iphoneos;
				SWIFT_OPTIMIZATION_LEVEL = "-Onone";
			};
			name = Debug;
		};
		3F9748FB1D50388A006EB461 /* Release */ = {
			isa = XCBuildConfiguration;
			buildSettings = {
				ALWAYS_SEARCH_USER_PATHS = NO;
				CLANG_ANALYZER_NONNULL = YES;
				CLANG_CXX_LANGUAGE_STANDARD = "gnu++0x";
				CLANG_CXX_LIBRARY = "libc++";
				CLANG_ENABLE_MODULES = YES;
				CLANG_ENABLE_OBJC_ARC = YES;
				CLANG_WARN_BOOL_CONVERSION = YES;
				CLANG_WARN_CONSTANT_CONVERSION = YES;
				CLANG_WARN_DIRECT_OBJC_ISA_USAGE = YES_ERROR;
				CLANG_WARN_EMPTY_BODY = YES;
				CLANG_WARN_ENUM_CONVERSION = YES;
				CLANG_WARN_INT_CONVERSION = YES;
				CLANG_WARN_OBJC_ROOT_CLASS = YES_ERROR;
				CLANG_WARN_UNREACHABLE_CODE = YES;
				CLANG_WARN__DUPLICATE_METHOD_MATCH = YES;
				"CODE_SIGN_IDENTITY[sdk=iphoneos*]" = "iPhone Developer";
				COPY_PHASE_STRIP = NO;
				DEBUG_INFORMATION_FORMAT = "dwarf-with-dsym";
				ENABLE_NS_ASSERTIONS = NO;
				ENABLE_STRICT_OBJC_MSGSEND = YES;
				GCC_C_LANGUAGE_STANDARD = gnu99;
				GCC_NO_COMMON_BLOCKS = YES;
				GCC_WARN_64_TO_32_BIT_CONVERSION = YES;
				GCC_WARN_ABOUT_RETURN_TYPE = YES_ERROR;
				GCC_WARN_UNDECLARED_SELECTOR = YES;
				GCC_WARN_UNINITIALIZED_AUTOS = YES_AGGRESSIVE;
				GCC_WARN_UNUSED_FUNCTION = YES;
				GCC_WARN_UNUSED_VARIABLE = YES;
				IPHONEOS_DEPLOYMENT_TARGET = 9.3;
				MTL_ENABLE_DEBUG_INFO = NO;
				SDKROOT = iphoneos;
				VALIDATE_PRODUCT = YES;
			};
			name = Release;
		};
		3F9748FD1D50388A006EB461 /* Debug */ = {
			isa = XCBuildConfiguration;
			buildSettings = {
				ASSETCATALOG_COMPILER_APPICON_NAME = AppIcon;
				CODE_SIGN_IDENTITY = "iPhone Developer";
				INFOPLIST_FILE = ThreadDemo/Info.plist;
				LD_RUNPATH_SEARCH_PATHS = "$(inherited) @executable_path/Frameworks";
				PRODUCT_BUNDLE_IDENTIFIER = "cn.swift-cn.ThreadDemo";
				PRODUCT_NAME = "$(TARGET_NAME)";
			};
			name = Debug;
		};
		3F9748FE1D50388A006EB461 /* Release */ = {
			isa = XCBuildConfiguration;
			buildSettings = {
				ASSETCATALOG_COMPILER_APPICON_NAME = AppIcon;
				CODE_SIGN_IDENTITY = "iPhone Developer";
				INFOPLIST_FILE = ThreadDemo/Info.plist;
				LD_RUNPATH_SEARCH_PATHS = "$(inherited) @executable_path/Frameworks";
				PRODUCT_BUNDLE_IDENTIFIER = "cn.swift-cn.ThreadDemo";
				PRODUCT_NAME = "$(TARGET_NAME)";
			};
			name = Release;
		};
/* End XCBuildConfiguration section */

/* Begin XCConfigurationList section */
		3F9748E51D50388A006EB461 /* Build configuration list for PBXProject "ThreadDemo" */ = {
			isa = XCConfigurationList;
			buildConfigurations = (
				3F9748FA1D50388A006EB461 /* Debug */,
				3F9748FB1D50388A006EB461 /* Release */,
			);
			defaultConfigurationIsVisible = 0;
			defaultConfigurationName = Release;
		};
		3F9748FC1D50388A006EB461 /* Build configuration list for PBXNativeTarget "ThreadDemo" */ = {
			isa = XCConfigurationList;
			buildConfigurations = (
				3F9748FD1D50388A006EB461 /* Debug */,
				3F9748FE1D50388A006EB461 /* Release */,
			);
			defaultConfigurationIsVisible = 0;
			defaultConfigurationName = Release;
		};
/* End XCConfigurationList section */
	};
	rootObject = 3F9748E21D50388A006EB461 /* Project object */;
}
